
Microsoft Visual Studio Solution File, Format Version 12.00
# Visual Studio Version 17
VisualStudioVersion = 17.9.34622.214
MinimumVisualStudioVersion = 10.0.40219.1
Project("{FAE04EC0-301F-11D3-BF4B-00C04F79EFBC}") = "ServerApp", "ServerApp.csproj", "{0E8F65D1-EFDA-4AC8-BF92-5CE072E8C0FE}"
EndProject
Project("{FAE04EC0-301F-11D3-BF4B-00C04F79EFBC}") = "ClientApp", "..\ClientApp\ClientApp.csproj", "{A26B25A3-F14A-4FFF-A512-DC82ABD4C374}"
EndProject
Project("{FAE04EC0-301F-11D3-BF4B-00C04F79EFBC}") = "Common", "..\Common\Common.csproj", "{B94560B8-000C-47FF-97DC-8E00C83A0BAD}"
EndProject
Global
	GlobalSection(SolutionConfigurationPlatforms) = preSolution
		Debug|Any CPU = Debug|Any CPU
		Release|Any CPU = Release|Any CPU
	EndGlobalSection
	GlobalSection(ProjectConfigurationPlatforms) = postSolution
		{0E8F65D1-EFDA-4AC8-BF92-5CE072E8C0FE}.Debug|Any CPU.ActiveCfg = Debug|Any CPU
		{0E8F65D1-EFDA-4AC8-BF92-5CE072E8C0FE}.Debug|Any CPU.Build.0 = Debug|Any CPU
		{0E8F65D1-EFDA-4AC8-BF92-5CE072E8C0FE}.Release|Any CPU.ActiveCfg = Release|Any CPU
		{0E8F65D1-EFDA-4AC8-BF92-5CE072E8C0FE}.Release|Any CPU.Build.0 = Release|Any CPU
		{A26B25A3-F14A-4FFF-A512-DC82ABD4C374}.Debug|Any CPU.ActiveCfg = Debug|Any CPU
		{A26B25A3-F14A-4FFF-A512-DC82ABD4C374}.Debug|Any CPU.Build.0 = Debug|Any CPU
		{A26B25A3-F14A-4FFF-A512-DC82ABD4C374}.Release|Any CPU.ActiveCfg = Release|Any CPU
		{A26B25A3-F14A-4FFF-A512-DC82ABD4C374}.Release|Any CPU.Build.0 = Release|Any CPU
		{B94560B8-000C-47FF-97DC-8E00C83A0BAD}.Debug|Any CPU.ActiveCfg = Debug|Any CPU
		{B94560B8-000C-47FF-97DC-8E00C83A0BAD}.Debug|Any CPU.Build.0 = Debug|Any CPU
		{B94560B8-000C-47FF-97DC-8E00C83A0BAD}.Release|Any CPU.ActiveCfg = Release|Any CPU
		{B94560B8-000C-47FF-97DC-8E00C83A0BAD}.Release|Any CPU.Build.0 = Release|Any CPU
	EndGlobalSection
	GlobalSection(SolutionProperties) = preSolution
		HideSolutionNode = FALSE
	EndGlobalSection
	GlobalSection(ExtensibilityGlobals) = postSolution
		SolutionGuid = {88005E0C-1302-4430-870A-AF8F51E215DE}
	EndGlobalSection
EndGlobal
